// !$*UTF8*$!
{
	archiveVersion = 1;
	classes = {
	};
	objectVersion = 46;
	objects = {

/* Begin PBXBuildFile section */
		683E2E901DFDD0030029AEB3 /* AppDelegate.swift in Sources */ = {isa = PBXBuildFile; fileRef = 683E2E8F1DFDD0030029AEB3 /* AppDelegate.swift */; };
		683E2E921DFDD0030029AEB3 /* ViewController.swift in Sources */ = {isa = PBXBuildFile; fileRef = 683E2E911DFDD0030029AEB3 /* ViewController.swift */; };
		683E2E951DFDD0030029AEB3 /* Main.storyboard in Resources */ = {isa = PBXBuildFile; fileRef = 683E2E931DFDD0030029AEB3 /* Main.storyboard */; };
		683E2E981DFDD0030029AEB3 /* HitList.xcdatamodeld in Sources */ = {isa = PBXBuildFile; fileRef = 683E2E961DFDD0030029AEB3 /* HitList.xcdatamodeld */; };
		683E2E9A1DFDD0030029AEB3 /* Assets.xcassets in Resources */ = {isa = PBXBuildFile; fileRef = 683E2E991DFDD0030029AEB3 /* Assets.xcassets */; };
		683E2E9D1DFDD0030029AEB3 /* LaunchScreen.storyboard in Resources */ = {isa = PBXBuildFile; fileRef = 683E2E9B1DFDD0030029AEB3 /* LaunchScreen.storyboard */; };
/* End PBXBuildFile section */

/* Begin PBXFileReference section */
		683E2E8C1DFDD0030029AEB3 /* HitList.app */ = {isa = PBXFileReference; explicitFileType = wrapper.application; includeInIndex = 0; path = HitList.app; sourceTree = BUILT_PRODUCTS_DIR; };
		683E2E8F1DFDD0030029AEB3 /* AppDelegate.swift */ = {isa = PBXFileReference; lastKnownFileType = sourcecode.swift; path = AppDelegate.swift; sourceTree = "<group>"; };
		683E2E911DFDD0030029AEB3 /* ViewController.swift */ = {isa = PBXFileReference; lastKnownFileType = sourcecode.swift; path = ViewController.swift; sourceTree = "<group>"; };
		683E2E941DFDD0030029AEB3 /* Base */ = {isa = PBXFileReference; lastKnownFileType = file.storyboard; name = Base; path = Base.lproj/Main.storyboard; sourceTree = "<group>"; };
		683E2E971DFDD0030029AEB3 /* HitList.xcdatamodel */ = {isa = PBXFileReference; lastKnownFileType = wrapper.xcdatamodel; path = HitList.xcdatamodel; sourceTree = "<group>"; };
		683E2E991DFDD0030029AEB3 /* Assets.xcassets */ = {isa = PBXFileReference; lastKnownFileType = folder.assetcatalog; path = Assets.xcassets; sourceTree = "<group>"; };
		683E2E9C1DFDD0030029AEB3 /* Base */ = {isa = PBXFileReference; lastKnownFileType = file.storyboard; name = Base; path = Base.lproj/LaunchScreen.storyboard; sourceTree = "<group>"; };
		683E2E9E1DFDD0030029AEB3 /* Info.plist */ = {isa = PBXFileReference; lastKnownFileType = text.plist.xml; path = Info.plist; sourceTree = "<group>"; };
/* End PBXFileReference section */

/* Begin PBXFrameworksBuildPhase section */
		683E2E891DFDD0030029AEB3 /* Frameworks */ = {
			isa = PBXFrameworksBuildPhase;
			buildActionMask = 2147483647;
			files = (
			);
			runOnlyForDeploymentPostprocessing = 0;
		};
/* End PBXFrameworksBuildPhase section */

/* Begin PBXGroup section */
		683E2E831DFDD0030029AEB3 = {
			isa = PBXGroup;
			children = (
				683E2E8E1DFDD0030029AEB3 /* HitList */,
				683E2E8D1DFDD0030029AEB3 /* Products */,
			);
			sourceTree = "<group>";
		};
		683E2E8D1DFDD0030029AEB3 /* Products */ = {
			isa = PBXGroup;
			children = (
				683E2E8C1DFDD0030029AEB3 /* HitList.app */,
			);
			name = Products;
			sourceTree = "<group>";
		};
		683E2E8E1DFDD0030029AEB3 /* HitList */ = {
			isa = PBXGroup;
			children = (
				683E2E8F1DFDD0030029AEB3 /* AppDelegate.swift */,
				683E2E911DFDD0030029AEB3 /* ViewController.swift */,
				683E2E931DFDD0030029AEB3 /* Main.storyboard */,
				683E2E991DFDD0030029AEB3 /* Assets.xcassets */,
				683E2E9B1DFDD0030029AEB3 /* LaunchScreen.storyboard */,
				683E2E9E1DFDD0030029AEB3 /* Info.plist */,
				683E2E961DFDD0030029AEB3 /* HitList.xcdatamodeld */,
			);
			path = HitList;
			sourceTree = "<group>";
		};
/* End PBXGroup section */

/* Begin PBXNativeTarget section */
		683E2E8B1DFDD0030029AEB3 /* HitList */ = {
			isa = PBXNativeTarget;
			buildConfigurationList = 683E2EA11DFDD0030029AEB3 /* Build configuration list for PBXNativeTarget "HitList" */;
			buildPhases = (
				683E2E881DFDD0030029AEB3 /* Sources */,
				683E2E891DFDD0030029AEB3 /* Frameworks */,
				683E2E8A1DFDD0030029AEB3 /* Resources */,
			);
			buildRules = (
			);
			dependencies = (
			);
			name = HitList;
			productName = HitList;
			productReference = 683E2E8C1DFDD0030029AEB3 /* HitList.app */;
			productType = "com.apple.product-type.application";
		};
/* End PBXNativeTarget section */

/* Begin PBXProject section */
		683E2E841DFDD0030029AEB3 /* Project object */ = {
			isa = PBXProject;
			attributes = {
				LastSwiftUpdateCheck = 0730;
				LastUpgradeCheck = 0730;
				ORGANIZATIONNAME = "Wayne Rumble";
				TargetAttributes = {
					683E2E8B1DFDD0030029AEB3 = {
						CreatedOnToolsVersion = 7.3.1;
						DevelopmentTeam = L3QZJU3LP7;
					};
				};
			};
			buildConfigurationList = 683E2E871DFDD0030029AEB3 /* Build configuration list for PBXProject "HitList" */;
			compatibilityVersion = "Xcode 3.2";
			developmentRegion = English;
			hasScannedForEncodings = 0;
			knownRegions = (
				en,
				Base,
			);
			mainGroup = 683E2E831DFDD0030029AEB3;
			productRefGroup = 683E2E8D1DFDD0030029AEB3 /* Products */;
			projectDirPath = "";
			projectRoot = "";
			targets = (
				683E2E8B1DFDD0030029AEB3 /* HitList */,
			);
		};
/* End PBXProject section */

/* Begin PBXResourcesBuildPhase section */
		683E2E8A1DFDD0030029AEB3 /* Resources */ = {
			isa = PBXResourcesBuildPhase;
			buildActionMask = 2147483647;
			files = (
				683E2E9D1DFDD0030029AEB3 /* LaunchScreen.storyboard in Resources */,
				683E2E9A1DFDD0030029AEB3 /* Assets.xcassets in Resources */,
				683E2E951DFDD0030029AEB3 /* Main.storyboard in Resources */,
			);
			runOnlyForDeploymentPostprocessing = 0;
		};
/* End PBXResourcesBuildPhase section */

/* Begin PBXSourcesBuildPhase section */
		683E2E881DFDD0030029AEB3 /* Sources */ = {
			isa = PBXSourcesBuildPhase;
			buildActionMask = 2147483647;
			files = (
				683E2E981DFDD0030029AEB3 /* HitList.xcdatamodeld in Sources */,
				683E2E921DFDD0030029AEB3 /* ViewController.swift in Sources */,
				683E2E901DFDD0030029AEB3 /* AppDelegate.swift in Sources */,
			);
			runOnlyForDeploymentPostprocessing = 0;
		};
/* End PBXSourcesBuildPhase section */

/* Begin PBXVariantGroup section */
		683E2E931DFDD0030029AEB3 /* Main.storyboard */ = {
			isa = PBXVariantGroup;
			children = (
				683E2E941DFDD0030029AEB3 /* Base */,
			);
			name = Main.storyboard;
			sourceTree = "<group>";
		};
		683E2E9B1DFDD0030029AEB3 /* LaunchScreen.storyboard */ = {
			isa = PBXVariantGroup;
			children = (
				683E2E9C1DFDD0030029AEB3 /* Base */,
			);
			name = LaunchScreen.storyboard;
			sourceTree = "<group>";
		};
/* End PBXVariantGroup section */

/* Begin XCBuildConfiguration section */
		683E2E9F1DFDD0030029AEB3 /* Debug */ = {
			isa = XCBuildConfiguration;
			buildSettings = {
				ALWAYS_SEARCH_USER_PATHS = NO;
				CLANG_ANALYZER_NONNULL = YES;
				CLANG_CXX_LANGUAGE_STANDARD = "gnu++0x";
				CLANG_CXX_LIBRARY = "libc++";
				CLANG_ENABLE_MODULES = YES;
				CLANG_ENABLE_OBJC_ARC = YES;
				CLANG_WARN_BOOL_CONVERSION = YES;
				CLANG_WARN_CONSTANT_CONVERSION = YES;
				CLANG_WARN_DIRECT_OBJC_ISA_USAGE = YES_ERROR;
				CLANG_WARN_EMPTY_BODY = YES;
				CLANG_WARN_ENUM_CONVERSION = YES;
				CLANG_WARN_INT_CONVERSION = YES;
				CLANG_WARN_OBJC_ROOT_CLASS = YES_ERROR;
				CLANG_WARN_UNREACHABLE_CODE = YES;
				CLANG_WARN__DUPLICATE_METHOD_MATCH = YES;
				"CODE_SIGN_IDENTITY[sdk=iphoneos*]" = "iPhone Developer";
				COPY_PHASE_STRIP = NO;
				DEBUG_INFORMATION_FORMAT = dwarf;
				ENABLE_STRICT_OBJC_MSGSEND = YES;
				ENABLE_TESTABILITY = YES;
				GCC_C_LANGUAGE_STANDARD = gnu99;
				GCC_DYNAMIC_NO_PIC = NO;
				GCC_NO_COMMON_BLOCKS = YES;
				GCC_OPTIMIZATION_LEVEL = 0;
				GCC_PREPROCESSOR_DEFINITIONS = (
					"DEBUG=1",
					"$(inherited)",
				);
				GCC_WARN_64_TO_32_BIT_CONVERSION = YES;
				GCC_WARN_ABOUT_RETURN_TYPE = YES_ERROR;
				GCC_WARN_UNDECLARED_SELECTOR = YES;
				GCC_WARN_UNINITIALIZED_AUTOS = YES_AGGRESSIVE;
				GCC_WARN_UNUSED_FUNCTION = YES;
				GCC_WARN_UNUSED_VARIABLE = YES;
				IPHONEOS_DEPLOYMENT_TARGET = 9.3;
				MTL_ENABLE_DEBUG_INFO = YES;
				ONLY_ACTIVE_ARCH = YES;
				SDKROOT = iphoneos;
				SWIFT_OPTIMIZATION_LEVEL = "-Onone";
				TARGETED_DEVICE_FAMILY = "1,2";
			};
			name = Debug;
		};
		683E2EA01DFDD0030029AEB3 /* Release */ = {
			isa = XCBuildConfiguration;
			buildSettings = {
				ALWAYS_SEARCH_USER_PATHS = NO;
				CLANG_ANALYZER_NONNULL = YES;
				CLANG_CXX_LANGUAGE_STANDARD = "gnu++0x";
				CLANG_CXX_LIBRARY = "libc++";
				CLANG_ENABLE_MODULES = YES;
				CLANG_ENABLE_OBJC_ARC = YES;
				CLANG_WARN_BOOL_CONVERSION = YES;
				CLANG_WARN_CONSTANT_CONVERSION = YES;
				CLANG_WARN_DIRECT_OBJC_ISA_USAGE = YES_ERROR;
				CLANG_WARN_EMPTY_BODY = YES;
				CLANG_WARN_ENUM_CONVERSION = YES;
				CLANG_WARN_INT_CONVERSION = YES;
				CLANG_WARN_OBJC_ROOT_CLASS = YES_ERROR;
				CLANG_WARN_UNREACHABLE_CODE = YES;
				CLANG_WARN__DUPLICATE_METHOD_MATCH = YES;
				"CODE_SIGN_IDENTITY[sdk=iphoneos*]" = "iPhone Developer";
				COPY_PHASE_STRIP = NO;
				DEBUG_INFORMATION_FORMAT = "dwarf-with-dsym";
				ENABLE_NS_ASSERTIONS = NO;
				ENABLE_STRICT_OBJC_MSGSEND = YES;
				GCC_C_LANGUAGE_STANDARD = gnu99;
				GCC_NO_COMMON_BLOCKS = YES;
				GCC_WARN_64_TO_32_BIT_CONVERSION = YES;
				GCC_WARN_ABOUT_RETURN_TYPE = YES_ERROR;
				GCC_WARN_UNDECLARED_SELECTOR = YES;
				GCC_WARN_UNINITIALIZED_AUTOS = YES_AGGRESSIVE;
				GCC_WARN_UNUSED_FUNCTION = YES;
				GCC_WARN_UNUSED_VARIABLE = YES;
				IPHONEOS_DEPLOYMENT_TARGET = 9.3;
				MTL_ENABLE_DEBUG_INFO = NO;
				SDKROOT = iphoneos;
				TARGETED_DEVICE_FAMILY = "1,2";
				VALIDATE_PRODUCT = YES;
			};
			name = Release;
		};
		683E2EA21DFDD0030029AEB3 /* Debug */ = {
			isa = XCBuildConfiguration;
			buildSettings = {
				ASSETCATALOG_COMPILER_APPICON_NAME = AppIcon;
				INFOPLIST_FILE = HitList/Info.plist;
				LD_RUNPATH_SEARCH_PATHS = "$(inherited) @executable_path/Frameworks";
				PRODUCT_BUNDLE_IDENTIFIER = com.waynerumble.HitList;
				PRODUCT_NAME = "$(TARGET_NAME)";
			};
			name = Debug;
		};
		683E2EA31DFDD0030029AEB3 /* Release */ = {
			isa = XCBuildConfiguration;
			buildSettings = {
				ASSETCATALOG_COMPILER_APPICON_NAME = AppIcon;
				INFOPLIST_FILE = HitList/Info.plist;
				LD_RUNPATH_SEARCH_PATHS = "$(inherited) @executable_path/Frameworks";
				PRODUCT_BUNDLE_IDENTIFIER = com.waynerumble.HitList;
				PRODUCT_NAME = "$(TARGET_NAME)";
			};
			name = Release;
		};
/* End XCBuildConfiguration section */

/* Begin XCConfigurationList section */
		683E2E871DFDD0030029AEB3 /* Build configuration list for PBXProject "HitList" */ = {
			isa = XCConfigurationList;
			buildConfigurations = (
				683E2E9F1DFDD0030029AEB3 /* Debug */,
				683E2EA01DFDD0030029AEB3 /* Release */,
			);
			defaultConfigurationIsVisible = 0;
			defaultConfigurationName = Release;
		};
		683E2EA11DFDD0030029AEB3 /* Build configuration list for PBXNativeTarget "HitList" */ = {
			isa = XCConfigurationList;
			buildConfigurations = (
				683E2EA21DFDD0030029AEB3 /* Debug */,
				683E2EA31DFDD0030029AEB3 /* Release */,
			);
			defaultConfigurationIsVisible = 0;
		};
/* End XCConfigurationList section */

/* Begin XCVersionGroup section */
		683E2E961DFDD0030029AEB3 /* HitList.xcdatamodeld */ = {
			isa = XCVersionGroup;
			children = (
				683E2E971DFDD0030029AEB3 /* HitList.xcdatamodel */,
			);
			currentVersion = 683E2E971DFDD0030029AEB3 /* HitList.xcdatamodel */;
			path = HitList.xcdatamodeld;
			sourceTree = "<group>";
			versionGroupType = wrapper.xcdatamodel;
		};
/* End XCVersionGroup section */
	};
	rootObject = 683E2E841DFDD0030029AEB3 /* Project object */;
}
